# THIS IS AN AUTOGENERATED FILE. DO NOT EDIT THIS FILE DIRECTLY.
# yarn lockfile v1


"@types/node@>=8.1.0":
  version "14.14.13"
  resolved "https://registry.yarnpkg.com/@types/node/-/node-14.14.13.tgz#9e425079799322113ae8477297ae6ef51b8e0cdf"
  integrity sha512-vbxr0VZ8exFMMAjCW8rJwaya0dMCDyYW2ZRdTyjtrCvJoENMpdUHOT/eTzvgyA5ZnqRZ/sI0NwqAxNHKYokLJQ==

qs@^6.6.0:
  version "6.9.4"
  resolved "https://registry.yarnpkg.com/qs/-/qs-6.9.4.tgz#9090b290d1f91728d3c22e54843ca44aea5ab687"
  integrity sha512-A1kFqHekCTM7cz0udomYUoYNWjBebHm/5wzU/XqrBRBNWectVH0QIiN+NEcZ0Dte5hvzHwbr8+XQmguPhJ6WdQ==

stripe@8.128.0:
  version "8.128.0"
  resolved "https://registry.yarnpkg.com/stripe/-/stripe-8.128.0.tgz#0074a68a5236e691ae96232363865838af0a3777"
  integrity sha512-H4EiwM/jYm07Foc77Xdb6SbnOpUz/qLpXv69pJBgXHvpxpj7GhdGdxCbR4KJhisfoZATgrdrbqigLA1ao9nTzg==
  dependencies:
    "@types/node" ">=8.1.0"
    qs "^6.6.0"
